
Microsoft Visual Studio Solution File, Format Version 12.00
# Visual Studio Version 16
VisualStudioVersion = 16.0.30717.126
MinimumVisualStudioVersion = 10.0.40219.1
Project("{FAE04EC0-301F-11D3-BF4B-00C04F79EFBC}") = "Undead corpses", "Undead corpses\Undead corpses.csproj", "{1BFFC2E9-9931-445D-8E61-6DD7964F242F}"
EndProject
Project("{2150E333-8FDC-42A3-9474-1A3956D46DE8}") = "Solution Items", "Solution Items", "{223D85CB-64A2-48B2-92BD-B4BADC36E1FD}"
	ProjectSection(SolutionItems) = preProject
		.editorconfig = .editorconfig
	EndProjectSection
EndProject
Global
	GlobalSection(SolutionConfigurationPlatforms) = preSolution
		Debug|Any CPU = Debug|Any CPU
		Release|Any CPU = Release|Any CPU
	EndGlobalSection
	GlobalSection(ProjectConfigurationPlatforms) = postSolution
		{1BFFC2E9-9931-445D-8E61-6DD7964F242F}.Debug|Any CPU.ActiveCfg = Debug|Any CPU
		{1BFFC2E9-9931-445D-8E61-6DD7964F242F}.Debug|Any CPU.Build.0 = Debug|Any CPU
		{1BFFC2E9-9931-445D-8E61-6DD7964F242F}.Release|Any CPU.ActiveCfg = Release|Any CPU
		{1BFFC2E9-9931-445D-8E61-6DD7964F242F}.Release|Any CPU.Build.0 = Release|Any CPU
	EndGlobalSection
	GlobalSection(SolutionProperties) = preSolution
		HideSolutionNode = FALSE
	EndGlobalSection
	GlobalSection(ExtensibilityGlobals) = postSolution
		SolutionGuid = {6F558BCA-6898-4DBE-810C-DEC40DF715A9}
	EndGlobalSection
EndGlobal
